
Microsoft Visual Studio Solution File, Format Version 12.00
# Visual Studio 15
VisualStudioVersion = 15.0.28307.421
MinimumVisualStudioVersion = 10.0.40219.1
Project("{FAE04EC0-301F-11D3-BF4B-00C04F79EFBC}") = "GUI", "GUI\GUI.csproj", "{02C4B1EF-F8BD-4644-8C7B-AC52D84B8DAC}"
EndProject
Global
	GlobalSection(SolutionConfigurationPlatforms) = preSolution
		Debug|Any CPU = Debug|Any CPU
		Release|Any CPU = Release|Any CPU
	EndGlobalSection
	GlobalSection(ProjectConfigurationPlatforms) = postSolution
		{02C4B1EF-F8BD-4644-8C7B-AC52D84B8DAC}.Debug|Any CPU.ActiveCfg = Debug|Any CPU
		{02C4B1EF-F8BD-4644-8C7B-AC52D84B8DAC}.Debug|Any CPU.Build.0 = Debug|Any CPU
		{02C4B1EF-F8BD-4644-8C7B-AC52D84B8DAC}.Release|Any CPU.ActiveCfg = Release|Any CPU
		{02C4B1EF-F8BD-4644-8C7B-AC52D84B8DAC}.Release|Any CPU.Build.0 = Release|Any CPU
	EndGlobalSection
	GlobalSection(SolutionProperties) = preSolution
		HideSolutionNode = FALSE
	EndGlobalSection
	GlobalSection(ExtensibilityGlobals) = postSolution
		SolutionGuid = {14FDCF1E-2A51-457A-82AA-517A47266147}
	EndGlobalSection
EndGlobal
